// !$*UTF8*$!
{
	archiveVersion = 1;
	classes = {
	};
	objectVersion = 56;
	objects = {

/* Begin PBXBuildFile section */
		D809244B2B2B70ED002B55E2 /* WeekView.swift in Sources */ = {isa = PBXBuildFile; fileRef = D809244A2B2B70ED002B55E2 /* WeekView.swift */; };
		D809244D2B2B7DCA002B55E2 /* WeekdayView.swift in Sources */ = {isa = PBXBuildFile; fileRef = D809244C2B2B7DCA002B55E2 /* WeekdayView.swift */; };
		D85145202B17A5880028C903 /* BaseController.swift in Sources */ = {isa = PBXBuildFile; fileRef = D851451F2B17A5880028C903 /* BaseController.swift */; };
		D85145222B17A8030028C903 /* UIView + ext.swift in Sources */ = {isa = PBXBuildFile; fileRef = D85145212B17A8030028C903 /* UIView + ext.swift */; };
		D85145292B17B1C50028C903 /* SessionController.swift in Sources */ = {isa = PBXBuildFile; fileRef = D85145282B17B1C50028C903 /* SessionController.swift */; };
		D851452B2B17B1DD0028C903 /* ProgressController.swift in Sources */ = {isa = PBXBuildFile; fileRef = D851452A2B17B1DD0028C903 /* ProgressController.swift */; };
		D851452D2B17B1F90028C903 /* SettingsController.swift in Sources */ = {isa = PBXBuildFile; fileRef = D851452C2B17B1F90028C903 /* SettingsController.swift */; };
		D892202F2B36F9B400DE8847 /* Date + ext.swift in Sources */ = {isa = PBXBuildFile; fileRef = D892202E2B36F9B400DE8847 /* Date + ext.swift */; };
		D89D36E02B1E5362006CB564 /* OverviewNavBar.swift in Sources */ = {isa = PBXBuildFile; fileRef = D89D36DF2B1E5362006CB564 /* OverviewNavBar.swift */; };
		D89D36E22B1E53CC006CB564 /* BaseView.swift in Sources */ = {isa = PBXBuildFile; fileRef = D89D36E12B1E53CC006CB564 /* BaseView.swift */; };
		D8AD73592B1CE3BA002469BF /* SecondaryBatton.swift in Sources */ = {isa = PBXBuildFile; fileRef = D8AD73582B1CE3BA002469BF /* SecondaryBatton.swift */; };
		D8E3F5512B09346E00F05F56 /* NavBarController.swift in Sources */ = {isa = PBXBuildFile; fileRef = D8E3F5502B09346E00F05F56 /* NavBarController.swift */; };
		D8F402B42AF7C7C7003256A9 /* AppDelegate.swift in Sources */ = {isa = PBXBuildFile; fileRef = D8F402B32AF7C7C7003256A9 /* AppDelegate.swift */; };
		D8F402B62AF7C7C7003256A9 /* SceneDelegate.swift in Sources */ = {isa = PBXBuildFile; fileRef = D8F402B52AF7C7C7003256A9 /* SceneDelegate.swift */; };
		D8F402B82AF7C7C7003256A9 /* OverviewController.swift in Sources */ = {isa = PBXBuildFile; fileRef = D8F402B72AF7C7C7003256A9 /* OverviewController.swift */; };
		D8F402BD2AF7C7C8003256A9 /* Assets.xcassets in Resources */ = {isa = PBXBuildFile; fileRef = D8F402BC2AF7C7C8003256A9 /* Assets.xcassets */; };
		D8F402C02AF7C7C8003256A9 /* LaunchScreen.storyboard in Resources */ = {isa = PBXBuildFile; fileRef = D8F402BE2AF7C7C8003256A9 /* LaunchScreen.storyboard */; };
		D8F402CA2AF7D1DF003256A9 /* TabBarController.swift in Sources */ = {isa = PBXBuildFile; fileRef = D8F402C92AF7D1DF003256A9 /* TabBarController.swift */; };
		D8F402CD2AF7D3E5003256A9 /* UIColor + ext.swift in Sources */ = {isa = PBXBuildFile; fileRef = D8F402CC2AF7D3E5003256A9 /* UIColor + ext.swift */; };
		D8F402D12AF7D5AC003256A9 /* Resouces.swift in Sources */ = {isa = PBXBuildFile; fileRef = D8F402D02AF7D5AC003256A9 /* Resouces.swift */; };
/* End PBXBuildFile section */

/* Begin PBXFileReference section */
		D809244A2B2B70ED002B55E2 /* WeekView.swift */ = {isa = PBXFileReference; lastKnownFileType = sourcecode.swift; path = WeekView.swift; sourceTree = "<group>"; };
		D809244C2B2B7DCA002B55E2 /* WeekdayView.swift */ = {isa = PBXFileReference; lastKnownFileType = sourcecode.swift; path = WeekdayView.swift; sourceTree = "<group>"; };
		D851451F2B17A5880028C903 /* BaseController.swift */ = {isa = PBXFileReference; lastKnownFileType = sourcecode.swift; path = BaseController.swift; sourceTree = "<group>"; };
		D85145212B17A8030028C903 /* UIView + ext.swift */ = {isa = PBXFileReference; lastKnownFileType = sourcecode.swift; path = "UIView + ext.swift"; sourceTree = "<group>"; };
		D85145282B17B1C50028C903 /* SessionController.swift */ = {isa = PBXFileReference; lastKnownFileType = sourcecode.swift; path = SessionController.swift; sourceTree = "<group>"; };
		D851452A2B17B1DD0028C903 /* ProgressController.swift */ = {isa = PBXFileReference; lastKnownFileType = sourcecode.swift; path = ProgressController.swift; sourceTree = "<group>"; };
		D851452C2B17B1F90028C903 /* SettingsController.swift */ = {isa = PBXFileReference; lastKnownFileType = sourcecode.swift; path = SettingsController.swift; sourceTree = "<group>"; };
		D892202E2B36F9B400DE8847 /* Date + ext.swift */ = {isa = PBXFileReference; lastKnownFileType = sourcecode.swift; path = "Date + ext.swift"; sourceTree = "<group>"; };
		D89D36DF2B1E5362006CB564 /* OverviewNavBar.swift */ = {isa = PBXFileReference; lastKnownFileType = sourcecode.swift; path = OverviewNavBar.swift; sourceTree = "<group>"; };
		D89D36E12B1E53CC006CB564 /* BaseView.swift */ = {isa = PBXFileReference; lastKnownFileType = sourcecode.swift; path = BaseView.swift; sourceTree = "<group>"; };
		D8AD73582B1CE3BA002469BF /* SecondaryBatton.swift */ = {isa = PBXFileReference; lastKnownFileType = sourcecode.swift; path = SecondaryBatton.swift; sourceTree = "<group>"; };
		D8E3F5502B09346E00F05F56 /* NavBarController.swift */ = {isa = PBXFileReference; lastKnownFileType = sourcecode.swift; path = NavBarController.swift; sourceTree = "<group>"; };
		D8F402B02AF7C7C7003256A9 /* WorkoutApp.app */ = {isa = PBXFileReference; explicitFileType = wrapper.application; includeInIndex = 0; path = WorkoutApp.app; sourceTree = BUILT_PRODUCTS_DIR; };
		D8F402B32AF7C7C7003256A9 /* AppDelegate.swift */ = {isa = PBXFileReference; lastKnownFileType = sourcecode.swift; path = AppDelegate.swift; sourceTree = "<group>"; };
		D8F402B52AF7C7C7003256A9 /* SceneDelegate.swift */ = {isa = PBXFileReference; lastKnownFileType = sourcecode.swift; path = SceneDelegate.swift; sourceTree = "<group>"; };
		D8F402B72AF7C7C7003256A9 /* OverviewController.swift */ = {isa = PBXFileReference; lastKnownFileType = sourcecode.swift; path = OverviewController.swift; sourceTree = "<group>"; };
		D8F402BC2AF7C7C8003256A9 /* Assets.xcassets */ = {isa = PBXFileReference; lastKnownFileType = folder.assetcatalog; path = Assets.xcassets; sourceTree = "<group>"; };
		D8F402BF2AF7C7C8003256A9 /* Base */ = {isa = PBXFileReference; lastKnownFileType = file.storyboard; name = Base; path = Base.lproj/LaunchScreen.storyboard; sourceTree = "<group>"; };
		D8F402C12AF7C7C8003256A9 /* Info.plist */ = {isa = PBXFileReference; lastKnownFileType = text.plist.xml; path = Info.plist; sourceTree = "<group>"; };
		D8F402C92AF7D1DF003256A9 /* TabBarController.swift */ = {isa = PBXFileReference; lastKnownFileType = sourcecode.swift; path = TabBarController.swift; sourceTree = "<group>"; };
		D8F402CC2AF7D3E5003256A9 /* UIColor + ext.swift */ = {isa = PBXFileReference; lastKnownFileType = sourcecode.swift; path = "UIColor + ext.swift"; sourceTree = "<group>"; };
		D8F402D02AF7D5AC003256A9 /* Resouces.swift */ = {isa = PBXFileReference; lastKnownFileType = sourcecode.swift; path = Resouces.swift; sourceTree = "<group>"; };
/* End PBXFileReference section */

/* Begin PBXFrameworksBuildPhase section */
		D8F402AD2AF7C7C7003256A9 /* Frameworks */ = {
			isa = PBXFrameworksBuildPhase;
			buildActionMask = 2147483647;
			files = (
			);
			runOnlyForDeploymentPostprocessing = 0;
		};
/* End PBXFrameworksBuildPhase section */

/* Begin PBXGroup section */
		D80924492B2B70C8002B55E2 /* WeekView */ = {
			isa = PBXGroup;
			children = (
				D809244A2B2B70ED002B55E2 /* WeekView.swift */,
				D809244C2B2B7DCA002B55E2 /* WeekdayView.swift */,
			);
			path = WeekView;
			sourceTree = "<group>";
		};
		D851451D2B17A53A0028C903 /* Controller */ = {
			isa = PBXGroup;
			children = (
				D85145272B17B18C0028C903 /* Settings */,
				D85145262B17B1780028C903 /* Progress */,
				D85145252B17B16F0028C903 /* Session */,
				D85145242B17B1530028C903 /* Overview */,
				D85145232B17B1450028C903 /* Base */,
			);
			path = Controller;
			sourceTree = "<group>";
		};
		D85145232B17B1450028C903 /* Base */ = {
			isa = PBXGroup;
			children = (
				D8F402C92AF7D1DF003256A9 /* TabBarController.swift */,
				D8E3F5502B09346E00F05F56 /* NavBarController.swift */,
				D851451F2B17A5880028C903 /* BaseController.swift */,
				D89D36E12B1E53CC006CB564 /* BaseView.swift */,
			);
			path = Base;
			sourceTree = "<group>";
		};
		D85145242B17B1530028C903 /* Overview */ = {
			isa = PBXGroup;
			children = (
				D8AD73572B1CE33B002469BF /* Views */,
				D8F402B72AF7C7C7003256A9 /* OverviewController.swift */,
			);
			path = Overview;
			sourceTree = "<group>";
		};
		D85145252B17B16F0028C903 /* Session */ = {
			isa = PBXGroup;
			children = (
				D85145282B17B1C50028C903 /* SessionController.swift */,
			);
			path = Session;
			sourceTree = "<group>";
		};
		D85145262B17B1780028C903 /* Progress */ = {
			isa = PBXGroup;
			children = (
				D851452A2B17B1DD0028C903 /* ProgressController.swift */,
			);
			path = Progress;
			sourceTree = "<group>";
		};
		D85145272B17B18C0028C903 /* Settings */ = {
			isa = PBXGroup;
			children = (
				D851452C2B17B1F90028C903 /* SettingsController.swift */,
			);
			path = Settings;
			sourceTree = "<group>";
		};
		D8AD73572B1CE33B002469BF /* Views */ = {
			isa = PBXGroup;
			children = (
				D80924492B2B70C8002B55E2 /* WeekView */,
				D8AD73582B1CE3BA002469BF /* SecondaryBatton.swift */,
				D89D36DF2B1E5362006CB564 /* OverviewNavBar.swift */,
			);
			path = Views;
			sourceTree = "<group>";
		};
		D8F402A72AF7C7C7003256A9 = {
			isa = PBXGroup;
			children = (
				D8F402B22AF7C7C7003256A9 /* WorkoutApp */,
				D8F402B12AF7C7C7003256A9 /* Products */,
			);
			sourceTree = "<group>";
		};
		D8F402B12AF7C7C7003256A9 /* Products */ = {
			isa = PBXGroup;
			children = (
				D8F402B02AF7C7C7003256A9 /* WorkoutApp.app */,
			);
			name = Products;
			sourceTree = "<group>";
		};
		D8F402B22AF7C7C7003256A9 /* WorkoutApp */ = {
			isa = PBXGroup;
			children = (
				D8F402CB2AF7D3BC003256A9 /* Helpers */,
				D8F402C72AF7CA1D003256A9 /* Application */,
				D851451D2B17A53A0028C903 /* Controller */,
				D8F402C82AF7CDBF003256A9 /* SupportingFiles */,
			);
			path = WorkoutApp;
			sourceTree = "<group>";
		};
		D8F402C72AF7CA1D003256A9 /* Application */ = {
			isa = PBXGroup;
			children = (
				D8F402B32AF7C7C7003256A9 /* AppDelegate.swift */,
				D8F402B52AF7C7C7003256A9 /* SceneDelegate.swift */,
			);
			path = Application;
			sourceTree = "<group>";
		};
		D8F402C82AF7CDBF003256A9 /* SupportingFiles */ = {
			isa = PBXGroup;
			children = (
				D8F402BC2AF7C7C8003256A9 /* Assets.xcassets */,
				D8F402BE2AF7C7C8003256A9 /* LaunchScreen.storyboard */,
				D8F402C12AF7C7C8003256A9 /* Info.plist */,
			);
			path = SupportingFiles;
			sourceTree = "<group>";
		};
		D8F402CB2AF7D3BC003256A9 /* Helpers */ = {
			isa = PBXGroup;
			children = (
				D8F402CE2AF7D543003256A9 /* Extension */,
				D8F402D02AF7D5AC003256A9 /* Resouces.swift */,
			);
			path = Helpers;
			sourceTree = "<group>";
		};
		D8F402CE2AF7D543003256A9 /* Extension */ = {
			isa = PBXGroup;
			children = (
				D8F402CC2AF7D3E5003256A9 /* UIColor + ext.swift */,
				D85145212B17A8030028C903 /* UIView + ext.swift */,
				D892202E2B36F9B400DE8847 /* Date + ext.swift */,
			);
			path = Extension;
			sourceTree = "<group>";
		};
/* End PBXGroup section */

/* Begin PBXNativeTarget section */
		D8F402AF2AF7C7C7003256A9 /* WorkoutApp */ = {
			isa = PBXNativeTarget;
			buildConfigurationList = D8F402C42AF7C7C8003256A9 /* Build configuration list for PBXNativeTarget "WorkoutApp" */;
			buildPhases = (
				D8F402AC2AF7C7C7003256A9 /* Sources */,
				D8F402AD2AF7C7C7003256A9 /* Frameworks */,
				D8F402AE2AF7C7C7003256A9 /* Resources */,
			);
			buildRules = (
			);
			dependencies = (
			);
			name = WorkoutApp;
			productName = WorkoutApp;
			productReference = D8F402B02AF7C7C7003256A9 /* WorkoutApp.app */;
			productType = "com.apple.product-type.application";
		};
/* End PBXNativeTarget section */

/* Begin PBXProject section */
		D8F402A82AF7C7C7003256A9 /* Project object */ = {
			isa = PBXProject;
			attributes = {
				BuildIndependentTargetsInParallel = 1;
				LastSwiftUpdateCheck = 1420;
				LastUpgradeCheck = 1420;
				TargetAttributes = {
					D8F402AF2AF7C7C7003256A9 = {
						CreatedOnToolsVersion = 14.2;
					};
				};
			};
			buildConfigurationList = D8F402AB2AF7C7C7003256A9 /* Build configuration list for PBXProject "WorkoutApp" */;
			compatibilityVersion = "Xcode 14.0";
			developmentRegion = en;
			hasScannedForEncodings = 0;
			knownRegions = (
				en,
				Base,
			);
			mainGroup = D8F402A72AF7C7C7003256A9;
			productRefGroup = D8F402B12AF7C7C7003256A9 /* Products */;
			projectDirPath = "";
			projectRoot = "";
			targets = (
				D8F402AF2AF7C7C7003256A9 /* WorkoutApp */,
			);
		};
/* End PBXProject section */

/* Begin PBXResourcesBuildPhase section */
		D8F402AE2AF7C7C7003256A9 /* Resources */ = {
			isa = PBXResourcesBuildPhase;
			buildActionMask = 2147483647;
			files = (
				D8F402C02AF7C7C8003256A9 /* LaunchScreen.storyboard in Resources */,
				D8F402BD2AF7C7C8003256A9 /* Assets.xcassets in Resources */,
			);
			runOnlyForDeploymentPostprocessing = 0;
		};
/* End PBXResourcesBuildPhase section */

/* Begin PBXSourcesBuildPhase section */
		D8F402AC2AF7C7C7003256A9 /* Sources */ = {
			isa = PBXSourcesBuildPhase;
			buildActionMask = 2147483647;
			files = (
				D809244B2B2B70ED002B55E2 /* WeekView.swift in Sources */,
				D892202F2B36F9B400DE8847 /* Date + ext.swift in Sources */,
				D851452D2B17B1F90028C903 /* SettingsController.swift in Sources */,
				D8F402B82AF7C7C7003256A9 /* OverviewController.swift in Sources */,
				D89D36E02B1E5362006CB564 /* OverviewNavBar.swift in Sources */,
				D8AD73592B1CE3BA002469BF /* SecondaryBatton.swift in Sources */,
				D85145222B17A8030028C903 /* UIView + ext.swift in Sources */,
				D8F402CA2AF7D1DF003256A9 /* TabBarController.swift in Sources */,
				D8F402B42AF7C7C7003256A9 /* AppDelegate.swift in Sources */,
				D85145292B17B1C50028C903 /* SessionController.swift in Sources */,
				D851452B2B17B1DD0028C903 /* ProgressController.swift in Sources */,
				D8E3F5512B09346E00F05F56 /* NavBarController.swift in Sources */,
				D8F402D12AF7D5AC003256A9 /* Resouces.swift in Sources */,
				D8F402CD2AF7D3E5003256A9 /* UIColor + ext.swift in Sources */,
				D89D36E22B1E53CC006CB564 /* BaseView.swift in Sources */,
				D809244D2B2B7DCA002B55E2 /* WeekdayView.swift in Sources */,
				D85145202B17A5880028C903 /* BaseController.swift in Sources */,
				D8F402B62AF7C7C7003256A9 /* SceneDelegate.swift in Sources */,
			);
			runOnlyForDeploymentPostprocessing = 0;
		};
/* End PBXSourcesBuildPhase section */

/* Begin PBXVariantGroup section */
		D8F402BE2AF7C7C8003256A9 /* LaunchScreen.storyboard */ = {
			isa = PBXVariantGroup;
			children = (
				D8F402BF2AF7C7C8003256A9 /* Base */,
			);
			name = LaunchScreen.storyboard;
			sourceTree = "<group>";
		};
/* End PBXVariantGroup section */

/* Begin XCBuildConfiguration section */
		D8F402C22AF7C7C8003256A9 /* Debug */ = {
			isa = XCBuildConfiguration;
			buildSettings = {
				ALWAYS_SEARCH_USER_PATHS = NO;
				CLANG_ANALYZER_NONNULL = YES;
				CLANG_ANALYZER_NUMBER_OBJECT_CONVERSION = YES_AGGRESSIVE;
				CLANG_CXX_LANGUAGE_STANDARD = "gnu++20";
				CLANG_ENABLE_MODULES = YES;
				CLANG_ENABLE_OBJC_ARC = YES;
				CLANG_ENABLE_OBJC_WEAK = YES;
				CLANG_WARN_BLOCK_CAPTURE_AUTORELEASING = YES;
				CLANG_WARN_BOOL_CONVERSION = YES;
				CLANG_WARN_COMMA = YES;
				CLANG_WARN_CONSTANT_CONVERSION = YES;
				CLANG_WARN_DEPRECATED_OBJC_IMPLEMENTATIONS = YES;
				CLANG_WARN_DIRECT_OBJC_ISA_USAGE = YES_ERROR;
				CLANG_WARN_DOCUMENTATION_COMMENTS = YES;
				CLANG_WARN_EMPTY_BODY = YES;
				CLANG_WARN_ENUM_CONVERSION = YES;
				CLANG_WARN_INFINITE_RECURSION = YES;
				CLANG_WARN_INT_CONVERSION = YES;
				CLANG_WARN_NON_LITERAL_NULL_CONVERSION = YES;
				CLANG_WARN_OBJC_IMPLICIT_RETAIN_SELF = YES;
				CLANG_WARN_OBJC_LITERAL_CONVERSION = YES;
				CLANG_WARN_OBJC_ROOT_CLASS = YES_ERROR;
				CLANG_WARN_QUOTED_INCLUDE_IN_FRAMEWORK_HEADER = YES;
				CLANG_WARN_RANGE_LOOP_ANALYSIS = YES;
				CLANG_WARN_STRICT_PROTOTYPES = YES;
				CLANG_WARN_SUSPICIOUS_MOVE = YES;
				CLANG_WARN_UNGUARDED_AVAILABILITY = YES_AGGRESSIVE;
				CLANG_WARN_UNREACHABLE_CODE = YES;
				CLANG_WARN__DUPLICATE_METHOD_MATCH = YES;
				COPY_PHASE_STRIP = NO;
				DEBUG_INFORMATION_FORMAT = dwarf;
				ENABLE_STRICT_OBJC_MSGSEND = YES;
				ENABLE_TESTABILITY = YES;
				GCC_C_LANGUAGE_STANDARD = gnu11;
				GCC_DYNAMIC_NO_PIC = NO;
				GCC_NO_COMMON_BLOCKS = YES;
				GCC_OPTIMIZATION_LEVEL = 0;
				GCC_PREPROCESSOR_DEFINITIONS = (
					"DEBUG=1",
					"$(inherited)",
				);
				GCC_WARN_64_TO_32_BIT_CONVERSION = YES;
				GCC_WARN_ABOUT_RETURN_TYPE = YES_ERROR;
				GCC_WARN_UNDECLARED_SELECTOR = YES;
				GCC_WARN_UNINITIALIZED_AUTOS = YES_AGGRESSIVE;
				GCC_WARN_UNUSED_FUNCTION = YES;
				GCC_WARN_UNUSED_VARIABLE = YES;
				IPHONEOS_DEPLOYMENT_TARGET = 16.2;
				MTL_ENABLE_DEBUG_INFO = INCLUDE_SOURCE;
				MTL_FAST_MATH = YES;
				ONLY_ACTIVE_ARCH = YES;
				SDKROOT = iphoneos;
				SWIFT_ACTIVE_COMPILATION_CONDITIONS = DEBUG;
				SWIFT_OPTIMIZATION_LEVEL = "-Onone";
			};
			name = Debug;
		};
		D8F402C32AF7C7C8003256A9 /* Release */ = {
			isa = XCBuildConfiguration;
			buildSettings = {
				ALWAYS_SEARCH_USER_PATHS = NO;
				CLANG_ANALYZER_NONNULL = YES;
				CLANG_ANALYZER_NUMBER_OBJECT_CONVERSION = YES_AGGRESSIVE;
				CLANG_CXX_LANGUAGE_STANDARD = "gnu++20";
				CLANG_ENABLE_MODULES = YES;
				CLANG_ENABLE_OBJC_ARC = YES;
				CLANG_ENABLE_OBJC_WEAK = YES;
				CLANG_WARN_BLOCK_CAPTURE_AUTORELEASING = YES;
				CLANG_WARN_BOOL_CONVERSION = YES;
				CLANG_WARN_COMMA = YES;
				CLANG_WARN_CONSTANT_CONVERSION = YES;
				CLANG_WARN_DEPRECATED_OBJC_IMPLEMENTATIONS = YES;
				CLANG_WARN_DIRECT_OBJC_ISA_USAGE = YES_ERROR;
				CLANG_WARN_DOCUMENTATION_COMMENTS = YES;
				CLANG_WARN_EMPTY_BODY = YES;
				CLANG_WARN_ENUM_CONVERSION = YES;
				CLANG_WARN_INFINITE_RECURSION = YES;
				CLANG_WARN_INT_CONVERSION = YES;
				CLANG_WARN_NON_LITERAL_NULL_CONVERSION = YES;
				CLANG_WARN_OBJC_IMPLICIT_RETAIN_SELF = YES;
				CLANG_WARN_OBJC_LITERAL_CONVERSION = YES;
				CLANG_WARN_OBJC_ROOT_CLASS = YES_ERROR;
				CLANG_WARN_QUOTED_INCLUDE_IN_FRAMEWORK_HEADER = YES;
				CLANG_WARN_RANGE_LOOP_ANALYSIS = YES;
				CLANG_WARN_STRICT_PROTOTYPES = YES;
				CLANG_WARN_SUSPICIOUS_MOVE = YES;
				CLANG_WARN_UNGUARDED_AVAILABILITY = YES_AGGRESSIVE;
				CLANG_WARN_UNREACHABLE_CODE = YES;
				CLANG_WARN__DUPLICATE_METHOD_MATCH = YES;
				COPY_PHASE_STRIP = NO;
				DEBUG_INFORMATION_FORMAT = "dwarf-with-dsym";
				ENABLE_NS_ASSERTIONS = NO;
				ENABLE_STRICT_OBJC_MSGSEND = YES;
				GCC_C_LANGUAGE_STANDARD = gnu11;
				GCC_NO_COMMON_BLOCKS = YES;
				GCC_WARN_64_TO_32_BIT_CONVERSION = YES;
				GCC_WARN_ABOUT_RETURN_TYPE = YES_ERROR;
				GCC_WARN_UNDECLARED_SELECTOR = YES;
				GCC_WARN_UNINITIALIZED_AUTOS = YES_AGGRESSIVE;
				GCC_WARN_UNUSED_FUNCTION = YES;
				GCC_WARN_UNUSED_VARIABLE = YES;
				IPHONEOS_DEPLOYMENT_TARGET = 16.2;
				MTL_ENABLE_DEBUG_INFO = NO;
				MTL_FAST_MATH = YES;
				SDKROOT = iphoneos;
				SWIFT_COMPILATION_MODE = wholemodule;
				SWIFT_OPTIMIZATION_LEVEL = "-O";
				VALIDATE_PRODUCT = YES;
			};
			name = Release;
		};
		D8F402C52AF7C7C8003256A9 /* Debug */ = {
			isa = XCBuildConfiguration;
			buildSettings = {
				ASSETCATALOG_COMPILER_APPICON_NAME = AppIcon;
				ASSETCATALOG_COMPILER_GLOBAL_ACCENT_COLOR_NAME = AccentColor;
				CODE_SIGN_STYLE = Automatic;
				CURRENT_PROJECT_VERSION = 1;
				GENERATE_INFOPLIST_FILE = YES;
				INFOPLIST_FILE = WorkoutApp/SupportingFiles/Info.plist;
				INFOPLIST_KEY_UIApplicationSupportsIndirectInputEvents = YES;
				INFOPLIST_KEY_UILaunchStoryboardName = LaunchScreen;
				INFOPLIST_KEY_UISupportedInterfaceOrientations = UIInterfaceOrientationPortrait;
				INFOPLIST_KEY_UISupportedInterfaceOrientations_iPad = "UIInterfaceOrientationLandscapeLeft UIInterfaceOrientationLandscapeRight UIInterfaceOrientationPortrait UIInterfaceOrientationPortraitUpsideDown";
				LD_RUNPATH_SEARCH_PATHS = (
					"$(inherited)",
					"@executable_path/Frameworks",
				);
				MARKETING_VERSION = 1.0;
				PRODUCT_BUNDLE_IDENTIFIER = iskakov.WorkoutApp;
				PRODUCT_NAME = "$(TARGET_NAME)";
				SUPPORTED_PLATFORMS = "iphoneos iphonesimulator";
				SUPPORTS_MACCATALYST = NO;
				SUPPORTS_MAC_DESIGNED_FOR_IPHONE_IPAD = NO;
				SWIFT_EMIT_LOC_STRINGS = YES;
				SWIFT_VERSION = 5.0;
				TARGETED_DEVICE_FAMILY = 1;
			};
			name = Debug;
		};
		D8F402C62AF7C7C8003256A9 /* Release */ = {
			isa = XCBuildConfiguration;
			buildSettings = {
				ASSETCATALOG_COMPILER_APPICON_NAME = AppIcon;
				ASSETCATALOG_COMPILER_GLOBAL_ACCENT_COLOR_NAME = AccentColor;
				CODE_SIGN_STYLE = Automatic;
				CURRENT_PROJECT_VERSION = 1;
				GENERATE_INFOPLIST_FILE = YES;
				INFOPLIST_FILE = WorkoutApp/SupportingFiles/Info.plist;
				INFOPLIST_KEY_UIApplicationSupportsIndirectInputEvents = YES;
				INFOPLIST_KEY_UILaunchStoryboardName = LaunchScreen;
				INFOPLIST_KEY_UISupportedInterfaceOrientations = UIInterfaceOrientationPortrait;
				INFOPLIST_KEY_UISupportedInterfaceOrientations_iPad = "UIInterfaceOrientationLandscapeLeft UIInterfaceOrientationLandscapeRight UIInterfaceOrientationPortrait UIInterfaceOrientationPortraitUpsideDown";
				LD_RUNPATH_SEARCH_PATHS = (
					"$(inherited)",
					"@executable_path/Frameworks",
				);
				MARKETING_VERSION = 1.0;
				PRODUCT_BUNDLE_IDENTIFIER = iskakov.WorkoutApp;
				PRODUCT_NAME = "$(TARGET_NAME)";
				SUPPORTED_PLATFORMS = "iphoneos iphonesimulator";
				SUPPORTS_MACCATALYST = NO;
				SUPPORTS_MAC_DESIGNED_FOR_IPHONE_IPAD = NO;
				SWIFT_EMIT_LOC_STRINGS = YES;
				SWIFT_VERSION = 5.0;
				TARGETED_DEVICE_FAMILY = 1;
			};
			name = Release;
		};
/* End XCBuildConfiguration section */

/* Begin XCConfigurationList section */
		D8F402AB2AF7C7C7003256A9 /* Build configuration list for PBXProject "WorkoutApp" */ = {
			isa = XCConfigurationList;
			buildConfigurations = (
				D8F402C22AF7C7C8003256A9 /* Debug */,
				D8F402C32AF7C7C8003256A9 /* Release */,
			);
			defaultConfigurationIsVisible = 0;
			defaultConfigurationName = Release;
		};
		D8F402C42AF7C7C8003256A9 /* Build configuration list for PBXNativeTarget "WorkoutApp" */ = {
			isa = XCConfigurationList;
			buildConfigurations = (
				D8F402C52AF7C7C8003256A9 /* Debug */,
				D8F402C62AF7C7C8003256A9 /* Release */,
			);
			defaultConfigurationIsVisible = 0;
			defaultConfigurationName = Release;
		};
/* End XCConfigurationList section */
	};
	rootObject = D8F402A82AF7C7C7003256A9 /* Project object */;
}
